// !$*UTF8*$!
{
	archiveVersion = 1;
	classes = {
	};
	objectVersion = 56;
	objects = {

/* Begin PBXBuildFile section */
		301279272B18664C00C201CF /* technicUIViewCell.swift in Sources */ = {isa = PBXBuildFile; fileRef = 301279262B18664C00C201CF /* technicUIViewCell.swift */; };
		301279292B186EEA00C201CF /* AddTechnicUIView.swift in Sources */ = {isa = PBXBuildFile; fileRef = 301279282B186EEA00C201CF /* AddTechnicUIView.swift */; };
		30321AC02B59B411009AAA35 /* HellowView.swift in Sources */ = {isa = PBXBuildFile; fileRef = 30321ABF2B59B411009AAA35 /* HellowView.swift */; };
		303A61AA2ADF172A00CCDBEE /* Realm in Frameworks */ = {isa = PBXBuildFile; productRef = 303A61A92ADF172A00CCDBEE /* Realm */; };
		303A61AC2ADF172A00CCDBEE /* RealmSwift in Frameworks */ = {isa = PBXBuildFile; productRef = 303A61AB2ADF172A00CCDBEE /* RealmSwift */; };
		303A61AF2ADF1A4E00CCDBEE /* DataManager.swift in Sources */ = {isa = PBXBuildFile; fileRef = 303A61AE2ADF1A4E00CCDBEE /* DataManager.swift */; };
		303F000A2B1A5DBA005F4FC4 /* WorksUIView.swift in Sources */ = {isa = PBXBuildFile; fileRef = 303F00092B1A5DB9005F4FC4 /* WorksUIView.swift */; };
		307F12972B4D881B0078A8F4 /* WorksViewModel.swift in Sources */ = {isa = PBXBuildFile; fileRef = 307F12962B4D881B0078A8F4 /* WorksViewModel.swift */; };
		308FF5942AF428DA0066D5F9 /* ProfileViewModel.swift in Sources */ = {isa = PBXBuildFile; fileRef = 308FF5932AF428DA0066D5F9 /* ProfileViewModel.swift */; };
		30A045062B17AB17000FD446 /* UsersListView.swift in Sources */ = {isa = PBXBuildFile; fileRef = 30A045052B17AB17000FD446 /* UsersListView.swift */; };
		30BBB6422B77AC2600448494 /* ButtonView.swift in Sources */ = {isa = PBXBuildFile; fileRef = 30BBB6412B77AC2600448494 /* ButtonView.swift */; };
		30C75F3B2AC452AB00B9D445 /* GarageAppApp.swift in Sources */ = {isa = PBXBuildFile; fileRef = 30C75F3A2AC452AB00B9D445 /* GarageAppApp.swift */; };
		30C75F3F2AC452AD00B9D445 /* Assets.xcassets in Resources */ = {isa = PBXBuildFile; fileRef = 30C75F3E2AC452AD00B9D445 /* Assets.xcassets */; };
		30C75F422AC452AD00B9D445 /* Preview Assets.xcassets in Resources */ = {isa = PBXBuildFile; fileRef = 30C75F412AC452AD00B9D445 /* Preview Assets.xcassets */; };
		30C75F492AC4531E00B9D445 /* GarageView.swift in Sources */ = {isa = PBXBuildFile; fileRef = 30C75F482AC4531E00B9D445 /* GarageView.swift */; };
		30C75F4B2AC459B300B9D445 /* ProfileView.swift in Sources */ = {isa = PBXBuildFile; fileRef = 30C75F4A2AC459B300B9D445 /* ProfileView.swift */; };
		30C75F4D2AC45A1600B9D445 /* EventsView.swift in Sources */ = {isa = PBXBuildFile; fileRef = 30C75F4C2AC45A1600B9D445 /* EventsView.swift */; };
		30C75F542AC4B9FD00B9D445 /* LoginView.swift in Sources */ = {isa = PBXBuildFile; fileRef = 30C75F532AC4B9FD00B9D445 /* LoginView.swift */; };
		30D5A5EB2B4C6BBD00744B5A /* GarageViewModel.swift in Sources */ = {isa = PBXBuildFile; fileRef = 30D5A5EA2B4C6BBD00744B5A /* GarageViewModel.swift */; };
		30EE52062ADC655C00BCAD86 /* User.swift in Sources */ = {isa = PBXBuildFile; fileRef = 30EE52052ADC655C00BCAD86 /* User.swift */; };
		30EE52082ADC65C200BCAD86 /* LoginViewModel.swift in Sources */ = {isa = PBXBuildFile; fileRef = 30EE52072ADC65C200BCAD86 /* LoginViewModel.swift */; };
		30F8771C2B4C3B90002EC497 /* ContentView.swift in Sources */ = {isa = PBXBuildFile; fileRef = 30F8771B2B4C3B90002EC497 /* ContentView.swift */; };
		30F877212B4C3BC6002EC497 /* CustomTextFieldUIView.swift in Sources */ = {isa = PBXBuildFile; fileRef = 30F8771E2B4C3BC6002EC497 /* CustomTextFieldUIView.swift */; };
		30F877222B4C3BC6002EC497 /* AddAertUIVuew.swift in Sources */ = {isa = PBXBuildFile; fileRef = 30F8771F2B4C3BC6002EC497 /* AddAertUIVuew.swift */; };
		30F877232B4C3BC6002EC497 /* BlurUIView.swift in Sources */ = {isa = PBXBuildFile; fileRef = 30F877202B4C3BC6002EC497 /* BlurUIView.swift */; };
/* End PBXBuildFile section */

/* Begin PBXFileReference section */
		301279262B18664C00C201CF /* technicUIViewCell.swift */ = {isa = PBXFileReference; lastKnownFileType = sourcecode.swift; path = technicUIViewCell.swift; sourceTree = "<group>"; };
		301279282B186EEA00C201CF /* AddTechnicUIView.swift */ = {isa = PBXFileReference; lastKnownFileType = sourcecode.swift; path = AddTechnicUIView.swift; sourceTree = "<group>"; };
		30321ABF2B59B411009AAA35 /* HellowView.swift */ = {isa = PBXFileReference; lastKnownFileType = sourcecode.swift; path = HellowView.swift; sourceTree = "<group>"; };
		303A61AE2ADF1A4E00CCDBEE /* DataManager.swift */ = {isa = PBXFileReference; lastKnownFileType = sourcecode.swift; path = DataManager.swift; sourceTree = "<group>"; };
		303F00092B1A5DB9005F4FC4 /* WorksUIView.swift */ = {isa = PBXFileReference; lastKnownFileType = sourcecode.swift; path = WorksUIView.swift; sourceTree = "<group>"; };
		307F12962B4D881B0078A8F4 /* WorksViewModel.swift */ = {isa = PBXFileReference; lastKnownFileType = sourcecode.swift; path = WorksViewModel.swift; sourceTree = "<group>"; };
		308FF5932AF428DA0066D5F9 /* ProfileViewModel.swift */ = {isa = PBXFileReference; lastKnownFileType = sourcecode.swift; path = ProfileViewModel.swift; sourceTree = "<group>"; };
		30A045052B17AB17000FD446 /* UsersListView.swift */ = {isa = PBXFileReference; lastKnownFileType = sourcecode.swift; path = UsersListView.swift; sourceTree = "<group>"; };
		30BBB6412B77AC2600448494 /* ButtonView.swift */ = {isa = PBXFileReference; lastKnownFileType = sourcecode.swift; path = ButtonView.swift; sourceTree = "<group>"; };
		30C75F372AC452AB00B9D445 /* MotoApp.app */ = {isa = PBXFileReference; explicitFileType = wrapper.application; includeInIndex = 0; path = MotoApp.app; sourceTree = BUILT_PRODUCTS_DIR; };
		30C75F3A2AC452AB00B9D445 /* GarageAppApp.swift */ = {isa = PBXFileReference; lastKnownFileType = sourcecode.swift; path = GarageAppApp.swift; sourceTree = "<group>"; };
		30C75F3E2AC452AD00B9D445 /* Assets.xcassets */ = {isa = PBXFileReference; lastKnownFileType = folder.assetcatalog; path = Assets.xcassets; sourceTree = "<group>"; };
		30C75F412AC452AD00B9D445 /* Preview Assets.xcassets */ = {isa = PBXFileReference; lastKnownFileType = folder.assetcatalog; path = "Preview Assets.xcassets"; sourceTree = "<group>"; };
		30C75F482AC4531E00B9D445 /* GarageView.swift */ = {isa = PBXFileReference; lastKnownFileType = sourcecode.swift; path = GarageView.swift; sourceTree = "<group>"; };
		30C75F4A2AC459B300B9D445 /* ProfileView.swift */ = {isa = PBXFileReference; lastKnownFileType = sourcecode.swift; path = ProfileView.swift; sourceTree = "<group>"; };
		30C75F4C2AC45A1600B9D445 /* EventsView.swift */ = {isa = PBXFileReference; lastKnownFileType = sourcecode.swift; path = EventsView.swift; sourceTree = "<group>"; };
		30C75F532AC4B9FD00B9D445 /* LoginView.swift */ = {isa = PBXFileReference; lastKnownFileType = sourcecode.swift; path = LoginView.swift; sourceTree = "<group>"; };
		30D5A5EA2B4C6BBD00744B5A /* GarageViewModel.swift */ = {isa = PBXFileReference; lastKnownFileType = sourcecode.swift; path = GarageViewModel.swift; sourceTree = "<group>"; };
		30EE52052ADC655C00BCAD86 /* User.swift */ = {isa = PBXFileReference; lastKnownFileType = sourcecode.swift; path = User.swift; sourceTree = "<group>"; };
		30EE52072ADC65C200BCAD86 /* LoginViewModel.swift */ = {isa = PBXFileReference; lastKnownFileType = sourcecode.swift; path = LoginViewModel.swift; sourceTree = "<group>"; };
		30F8771B2B4C3B90002EC497 /* ContentView.swift */ = {isa = PBXFileReference; fileEncoding = 4; lastKnownFileType = sourcecode.swift; path = ContentView.swift; sourceTree = "<group>"; };
		30F8771E2B4C3BC6002EC497 /* CustomTextFieldUIView.swift */ = {isa = PBXFileReference; fileEncoding = 4; lastKnownFileType = sourcecode.swift; path = CustomTextFieldUIView.swift; sourceTree = "<group>"; };
		30F8771F2B4C3BC6002EC497 /* AddAertUIVuew.swift */ = {isa = PBXFileReference; fileEncoding = 4; lastKnownFileType = sourcecode.swift; path = AddAertUIVuew.swift; sourceTree = "<group>"; };
		30F877202B4C3BC6002EC497 /* BlurUIView.swift */ = {isa = PBXFileReference; fileEncoding = 4; lastKnownFileType = sourcecode.swift; path = BlurUIView.swift; sourceTree = "<group>"; };
/* End PBXFileReference section */

/* Begin PBXFrameworksBuildPhase section */
		30C75F342AC452AB00B9D445 /* Frameworks */ = {
			isa = PBXFrameworksBuildPhase;
			buildActionMask = 2147483647;
			files = (
				303A61AC2ADF172A00CCDBEE /* RealmSwift in Frameworks */,
				303A61AA2ADF172A00CCDBEE /* Realm in Frameworks */,
			);
			runOnlyForDeploymentPostprocessing = 0;
		};
/* End PBXFrameworksBuildPhase section */

/* Begin PBXGroup section */
		301279252B18661B00C201CF /* Garage */ = {
			isa = PBXGroup;
			children = (
				30C75F482AC4531E00B9D445 /* GarageView.swift */,
				301279282B186EEA00C201CF /* AddTechnicUIView.swift */,
				301279262B18664C00C201CF /* technicUIViewCell.swift */,
				30D5A5EA2B4C6BBD00744B5A /* GarageViewModel.swift */,
			);
			path = Garage;
			sourceTree = "<group>";
		};
		303A61AD2ADF1A2E00CCDBEE /* Model */ = {
			isa = PBXGroup;
			children = (
				30EE52052ADC655C00BCAD86 /* User.swift */,
			);
			path = Model;
			sourceTree = "<group>";
		};
		308FF5922AF428820066D5F9 /* Profile */ = {
			isa = PBXGroup;
			children = (
				30C75F4A2AC459B300B9D445 /* ProfileView.swift */,
				308FF5932AF428DA0066D5F9 /* ProfileViewModel.swift */,
			);
			path = Profile;
			sourceTree = "<group>";
		};
		30C75F2E2AC452AB00B9D445 = {
			isa = PBXGroup;
			children = (
				30C75F392AC452AB00B9D445 /* MotoApp */,
				30C75F382AC452AB00B9D445 /* Products */,
			);
			sourceTree = "<group>";
		};
		30C75F382AC452AB00B9D445 /* Products */ = {
			isa = PBXGroup;
			children = (
				30C75F372AC452AB00B9D445 /* MotoApp.app */,
			);
			name = Products;
			sourceTree = "<group>";
		};
		30C75F392AC452AB00B9D445 /* MotoApp */ = {
			isa = PBXGroup;
			children = (
				30F8771D2B4C3BC6002EC497 /* Extenstation */,
				30D5A5EC2B4C832B00744B5A /* Works */,
				30F8771A2B4C3B90002EC497 /* ContentView */,
				303A61AE2ADF1A4E00CCDBEE /* DataManager.swift */,
				30C75F4C2AC45A1600B9D445 /* EventsView.swift */,
				30C75F3A2AC452AB00B9D445 /* GarageAppApp.swift */,
				30C75F3E2AC452AD00B9D445 /* Assets.xcassets */,
				301279252B18661B00C201CF /* Garage */,
				30EE52092ADC729600BCAD86 /* LoginView */,
				303A61AD2ADF1A2E00CCDBEE /* Model */,
				30C75F402AC452AD00B9D445 /* Preview Content */,
				308FF5922AF428820066D5F9 /* Profile */,
				30321ABF2B59B411009AAA35 /* HellowView.swift */,
			);
			path = MotoApp;
			sourceTree = "<group>";
		};
		30C75F402AC452AD00B9D445 /* Preview Content */ = {
			isa = PBXGroup;
			children = (
				30C75F412AC452AD00B9D445 /* Preview Assets.xcassets */,
			);
			path = "Preview Content";
			sourceTree = "<group>";
		};
		30D5A5EC2B4C832B00744B5A /* Works */ = {
			isa = PBXGroup;
			children = (
				303F00092B1A5DB9005F4FC4 /* WorksUIView.swift */,
				307F12962B4D881B0078A8F4 /* WorksViewModel.swift */,
			);
			path = Works;
			sourceTree = "<group>";
		};
		30EE52092ADC729600BCAD86 /* LoginView */ = {
			isa = PBXGroup;
			children = (
				30C75F532AC4B9FD00B9D445 /* LoginView.swift */,
				30EE52072ADC65C200BCAD86 /* LoginViewModel.swift */,
				30A045052B17AB17000FD446 /* UsersListView.swift */,
			);
			path = LoginView;
			sourceTree = "<group>";
		};
		30F8771A2B4C3B90002EC497 /* ContentView */ = {
			isa = PBXGroup;
			children = (
				30F8771B2B4C3B90002EC497 /* ContentView.swift */,
			);
			path = ContentView;
			sourceTree = "<group>";
		};
		30F8771D2B4C3BC6002EC497 /* Extenstation */ = {
			isa = PBXGroup;
			children = (
				30F8771E2B4C3BC6002EC497 /* CustomTextFieldUIView.swift */,
				30F8771F2B4C3BC6002EC497 /* AddAertUIVuew.swift */,
				30F877202B4C3BC6002EC497 /* BlurUIView.swift */,
				30BBB6412B77AC2600448494 /* ButtonView.swift */,
			);
			name = Extenstation;
			path = MotoApp/Extenstation;
			sourceTree = SOURCE_ROOT;
		};
/* End PBXGroup section */

/* Begin PBXNativeTarget section */
		30C75F362AC452AB00B9D445 /* MotoApp */ = {
			isa = PBXNativeTarget;
			buildConfigurationList = 30C75F452AC452AD00B9D445 /* Build configuration list for PBXNativeTarget "MotoApp" */;
			buildPhases = (
				30C75F332AC452AB00B9D445 /* Sources */,
				30C75F342AC452AB00B9D445 /* Frameworks */,
				30C75F352AC452AB00B9D445 /* Resources */,
			);
			buildRules = (
			);
			dependencies = (
			);
			name = MotoApp;
			packageProductDependencies = (
				303A61A92ADF172A00CCDBEE /* Realm */,
				303A61AB2ADF172A00CCDBEE /* RealmSwift */,
			);
			productName = MotoApp;
			productReference = 30C75F372AC452AB00B9D445 /* MotoApp.app */;
			productType = "com.apple.product-type.application";
		};
/* End PBXNativeTarget section */

/* Begin PBXProject section */
		30C75F2F2AC452AB00B9D445 /* Project object */ = {
			isa = PBXProject;
			attributes = {
				BuildIndependentTargetsInParallel = 1;
				LastSwiftUpdateCheck = 1500;
				LastUpgradeCheck = 1500;
				TargetAttributes = {
					30C75F362AC452AB00B9D445 = {
						CreatedOnToolsVersion = 15.0;
					};
				};
			};
			buildConfigurationList = 30C75F322AC452AB00B9D445 /* Build configuration list for PBXProject "MotoApp" */;
			compatibilityVersion = "Xcode 14.0";
			developmentRegion = en;
			hasScannedForEncodings = 0;
			knownRegions = (
				en,
				Base,
			);
			mainGroup = 30C75F2E2AC452AB00B9D445;
			packageReferences = (
				303A61A82ADF172A00CCDBEE /* XCRemoteSwiftPackageReference "realm-swift" */,
			);
			productRefGroup = 30C75F382AC452AB00B9D445 /* Products */;
			projectDirPath = "";
			projectRoot = "";
			targets = (
				30C75F362AC452AB00B9D445 /* MotoApp */,
			);
		};
/* End PBXProject section */

/* Begin PBXResourcesBuildPhase section */
		30C75F352AC452AB00B9D445 /* Resources */ = {
			isa = PBXResourcesBuildPhase;
			buildActionMask = 2147483647;
			files = (
				30C75F422AC452AD00B9D445 /* Preview Assets.xcassets in Resources */,
				30C75F3F2AC452AD00B9D445 /* Assets.xcassets in Resources */,
			);
			runOnlyForDeploymentPostprocessing = 0;
		};
/* End PBXResourcesBuildPhase section */

/* Begin PBXSourcesBuildPhase section */
		30C75F332AC452AB00B9D445 /* Sources */ = {
			isa = PBXSourcesBuildPhase;
			buildActionMask = 2147483647;
			files = (
				30A045062B17AB17000FD446 /* UsersListView.swift in Sources */,
				301279272B18664C00C201CF /* technicUIViewCell.swift in Sources */,
				30C75F542AC4B9FD00B9D445 /* LoginView.swift in Sources */,
				30C75F4B2AC459B300B9D445 /* ProfileView.swift in Sources */,
				30F877212B4C3BC6002EC497 /* CustomTextFieldUIView.swift in Sources */,
				30F877222B4C3BC6002EC497 /* AddAertUIVuew.swift in Sources */,
				30C75F4D2AC45A1600B9D445 /* EventsView.swift in Sources */,
				30F8771C2B4C3B90002EC497 /* ContentView.swift in Sources */,
				30F877232B4C3BC6002EC497 /* BlurUIView.swift in Sources */,
				307F12972B4D881B0078A8F4 /* WorksViewModel.swift in Sources */,
				30D5A5EB2B4C6BBD00744B5A /* GarageViewModel.swift in Sources */,
				301279292B186EEA00C201CF /* AddTechnicUIView.swift in Sources */,
				303F000A2B1A5DBA005F4FC4 /* WorksUIView.swift in Sources */,
				30321AC02B59B411009AAA35 /* HellowView.swift in Sources */,
				308FF5942AF428DA0066D5F9 /* ProfileViewModel.swift in Sources */,
				30EE52082ADC65C200BCAD86 /* LoginViewModel.swift in Sources */,
				30C75F492AC4531E00B9D445 /* GarageView.swift in Sources */,
				30C75F3B2AC452AB00B9D445 /* GarageAppApp.swift in Sources */,
				303A61AF2ADF1A4E00CCDBEE /* DataManager.swift in Sources */,
				30EE52062ADC655C00BCAD86 /* User.swift in Sources */,
				30BBB6422B77AC2600448494 /* ButtonView.swift in Sources */,
			);
			runOnlyForDeploymentPostprocessing = 0;
		};
/* End PBXSourcesBuildPhase section */

/* Begin XCBuildConfiguration section */
		30C75F432AC452AD00B9D445 /* Debug */ = {
			isa = XCBuildConfiguration;
			buildSettings = {
				ALWAYS_SEARCH_USER_PATHS = NO;
				ASSETCATALOG_COMPILER_GENERATE_SWIFT_ASSET_SYMBOL_EXTENSIONS = YES;
				CLANG_ANALYZER_NONNULL = YES;
				CLANG_ANALYZER_NUMBER_OBJECT_CONVERSION = YES_AGGRESSIVE;
				CLANG_CXX_LANGUAGE_STANDARD = "gnu++20";
				CLANG_ENABLE_MODULES = YES;
				CLANG_ENABLE_OBJC_ARC = YES;
				CLANG_ENABLE_OBJC_WEAK = YES;
				CLANG_WARN_BLOCK_CAPTURE_AUTORELEASING = YES;
				CLANG_WARN_BOOL_CONVERSION = YES;
				CLANG_WARN_COMMA = YES;
				CLANG_WARN_CONSTANT_CONVERSION = YES;
				CLANG_WARN_DEPRECATED_OBJC_IMPLEMENTATIONS = YES;
				CLANG_WARN_DIRECT_OBJC_ISA_USAGE = YES_ERROR;
				CLANG_WARN_DOCUMENTATION_COMMENTS = YES;
				CLANG_WARN_EMPTY_BODY = YES;
				CLANG_WARN_ENUM_CONVERSION = YES;
				CLANG_WARN_INFINITE_RECURSION = YES;
				CLANG_WARN_INT_CONVERSION = YES;
				CLANG_WARN_NON_LITERAL_NULL_CONVERSION = YES;
				CLANG_WARN_OBJC_IMPLICIT_RETAIN_SELF = YES;
				CLANG_WARN_OBJC_LITERAL_CONVERSION = YES;
				CLANG_WARN_OBJC_ROOT_CLASS = YES_ERROR;
				CLANG_WARN_QUOTED_INCLUDE_IN_FRAMEWORK_HEADER = YES;
				CLANG_WARN_RANGE_LOOP_ANALYSIS = YES;
				CLANG_WARN_STRICT_PROTOTYPES = YES;
				CLANG_WARN_SUSPICIOUS_MOVE = YES;
				CLANG_WARN_UNGUARDED_AVAILABILITY = YES_AGGRESSIVE;
				CLANG_WARN_UNREACHABLE_CODE = YES;
				CLANG_WARN__DUPLICATE_METHOD_MATCH = YES;
				COPY_PHASE_STRIP = NO;
				DEBUG_INFORMATION_FORMAT = dwarf;
				ENABLE_STRICT_OBJC_MSGSEND = YES;
				ENABLE_TESTABILITY = YES;
				ENABLE_USER_SCRIPT_SANDBOXING = YES;
				GCC_C_LANGUAGE_STANDARD = gnu17;
				GCC_DYNAMIC_NO_PIC = NO;
				GCC_NO_COMMON_BLOCKS = YES;
				GCC_OPTIMIZATION_LEVEL = 0;
				GCC_PREPROCESSOR_DEFINITIONS = (
					"DEBUG=1",
					"$(inherited)",
				);
				GCC_WARN_64_TO_32_BIT_CONVERSION = YES;
				GCC_WARN_ABOUT_RETURN_TYPE = YES_ERROR;
				GCC_WARN_UNDECLARED_SELECTOR = YES;
				GCC_WARN_UNINITIALIZED_AUTOS = YES_AGGRESSIVE;
				GCC_WARN_UNUSED_FUNCTION = YES;
				GCC_WARN_UNUSED_VARIABLE = YES;
				IPHONEOS_DEPLOYMENT_TARGET = 17.0;
				LOCALIZATION_PREFERS_STRING_CATALOGS = YES;
				MTL_ENABLE_DEBUG_INFO = INCLUDE_SOURCE;
				MTL_FAST_MATH = YES;
				ONLY_ACTIVE_ARCH = YES;
				SDKROOT = iphoneos;
				SWIFT_ACTIVE_COMPILATION_CONDITIONS = "DEBUG $(inherited)";
				SWIFT_OPTIMIZATION_LEVEL = "-Onone";
			};
			name = Debug;
		};
		30C75F442AC452AD00B9D445 /* Release */ = {
			isa = XCBuildConfiguration;
			buildSettings = {
				ALWAYS_SEARCH_USER_PATHS = NO;
				ASSETCATALOG_COMPILER_GENERATE_SWIFT_ASSET_SYMBOL_EXTENSIONS = YES;
				CLANG_ANALYZER_NONNULL = YES;
				CLANG_ANALYZER_NUMBER_OBJECT_CONVERSION = YES_AGGRESSIVE;
				CLANG_CXX_LANGUAGE_STANDARD = "gnu++20";
				CLANG_ENABLE_MODULES = YES;
				CLANG_ENABLE_OBJC_ARC = YES;
				CLANG_ENABLE_OBJC_WEAK = YES;
				CLANG_WARN_BLOCK_CAPTURE_AUTORELEASING = YES;
				CLANG_WARN_BOOL_CONVERSION = YES;
				CLANG_WARN_COMMA = YES;
				CLANG_WARN_CONSTANT_CONVERSION = YES;
				CLANG_WARN_DEPRECATED_OBJC_IMPLEMENTATIONS = YES;
				CLANG_WARN_DIRECT_OBJC_ISA_USAGE = YES_ERROR;
				CLANG_WARN_DOCUMENTATION_COMMENTS = YES;
				CLANG_WARN_EMPTY_BODY = YES;
				CLANG_WARN_ENUM_CONVERSION = YES;
				CLANG_WARN_INFINITE_RECURSION = YES;
				CLANG_WARN_INT_CONVERSION = YES;
				CLANG_WARN_NON_LITERAL_NULL_CONVERSION = YES;
				CLANG_WARN_OBJC_IMPLICIT_RETAIN_SELF = YES;
				CLANG_WARN_OBJC_LITERAL_CONVERSION = YES;
				CLANG_WARN_OBJC_ROOT_CLASS = YES_ERROR;
				CLANG_WARN_QUOTED_INCLUDE_IN_FRAMEWORK_HEADER = YES;
				CLANG_WARN_RANGE_LOOP_ANALYSIS = YES;
				CLANG_WARN_STRICT_PROTOTYPES = YES;
				CLANG_WARN_SUSPICIOUS_MOVE = YES;
				CLANG_WARN_UNGUARDED_AVAILABILITY = YES_AGGRESSIVE;
				CLANG_WARN_UNREACHABLE_CODE = YES;
				CLANG_WARN__DUPLICATE_METHOD_MATCH = YES;
				COPY_PHASE_STRIP = NO;
				DEBUG_INFORMATION_FORMAT = "dwarf-with-dsym";
				ENABLE_NS_ASSERTIONS = NO;
				ENABLE_STRICT_OBJC_MSGSEND = YES;
				ENABLE_USER_SCRIPT_SANDBOXING = YES;
				GCC_C_LANGUAGE_STANDARD = gnu17;
				GCC_NO_COMMON_BLOCKS = YES;
				GCC_WARN_64_TO_32_BIT_CONVERSION = YES;
				GCC_WARN_ABOUT_RETURN_TYPE = YES_ERROR;
				GCC_WARN_UNDECLARED_SELECTOR = YES;
				GCC_WARN_UNINITIALIZED_AUTOS = YES_AGGRESSIVE;
				GCC_WARN_UNUSED_FUNCTION = YES;
				GCC_WARN_UNUSED_VARIABLE = YES;
				IPHONEOS_DEPLOYMENT_TARGET = 17.0;
				LOCALIZATION_PREFERS_STRING_CATALOGS = YES;
				MTL_ENABLE_DEBUG_INFO = NO;
				MTL_FAST_MATH = YES;
				SDKROOT = iphoneos;
				SWIFT_COMPILATION_MODE = wholemodule;
				VALIDATE_PRODUCT = YES;
			};
			name = Release;
		};
		30C75F462AC452AD00B9D445 /* Debug */ = {
			isa = XCBuildConfiguration;
			buildSettings = {
				ASSETCATALOG_COMPILER_APPICON_NAME = AppIcon;
				ASSETCATALOG_COMPILER_GLOBAL_ACCENT_COLOR_NAME = AccentColor;
				CODE_SIGN_STYLE = Automatic;
				CURRENT_PROJECT_VERSION = 1;
				DEVELOPMENT_ASSET_PATHS = "\"MotoApp/Preview Content\"";
				DEVELOPMENT_TEAM = AR6AN34RS9;
				ENABLE_PREVIEWS = YES;
				GENERATE_INFOPLIST_FILE = YES;
				INFOPLIST_KEY_UIApplicationSceneManifest_Generation = YES;
				INFOPLIST_KEY_UIApplicationSupportsIndirectInputEvents = YES;
				INFOPLIST_KEY_UILaunchScreen_Generation = YES;
				INFOPLIST_KEY_UISupportedInterfaceOrientations = UIInterfaceOrientationPortrait;
				INFOPLIST_KEY_UISupportedInterfaceOrientations_iPad = "UIInterfaceOrientationLandscapeLeft UIInterfaceOrientationLandscapeRight UIInterfaceOrientationPortrait UIInterfaceOrientationPortraitUpsideDown";
				IPHONEOS_DEPLOYMENT_TARGET = 16.0;
				LD_RUNPATH_SEARCH_PATHS = (
					"$(inherited)",
					"@executable_path/Frameworks",
				);
				MARKETING_VERSION = 1.0;
				PRODUCT_BUNDLE_IDENTIFIER = home.MotoApp;
				PRODUCT_NAME = "$(TARGET_NAME)";
				SUPPORTED_PLATFORMS = "iphoneos iphonesimulator";
				SUPPORTS_MACCATALYST = NO;
				SUPPORTS_MAC_DESIGNED_FOR_IPHONE_IPAD = NO;
				SWIFT_EMIT_LOC_STRINGS = YES;
				SWIFT_VERSION = 5.0;
				TARGETED_DEVICE_FAMILY = 1;
			};
			name = Debug;
		};
		30C75F472AC452AD00B9D445 /* Release */ = {
			isa = XCBuildConfiguration;
			buildSettings = {
				ASSETCATALOG_COMPILER_APPICON_NAME = AppIcon;
				ASSETCATALOG_COMPILER_GLOBAL_ACCENT_COLOR_NAME = AccentColor;
				CODE_SIGN_STYLE = Automatic;
				CURRENT_PROJECT_VERSION = 1;
				DEVELOPMENT_ASSET_PATHS = "\"MotoApp/Preview Content\"";
				DEVELOPMENT_TEAM = AR6AN34RS9;
				ENABLE_PREVIEWS = YES;
				GENERATE_INFOPLIST_FILE = YES;
				INFOPLIST_KEY_UIApplicationSceneManifest_Generation = YES;
				INFOPLIST_KEY_UIApplicationSupportsIndirectInputEvents = YES;
				INFOPLIST_KEY_UILaunchScreen_Generation = YES;
				INFOPLIST_KEY_UISupportedInterfaceOrientations = UIInterfaceOrientationPortrait;
				INFOPLIST_KEY_UISupportedInterfaceOrientations_iPad = "UIInterfaceOrientationLandscapeLeft UIInterfaceOrientationLandscapeRight UIInterfaceOrientationPortrait UIInterfaceOrientationPortraitUpsideDown";
				IPHONEOS_DEPLOYMENT_TARGET = 16.0;
				LD_RUNPATH_SEARCH_PATHS = (
					"$(inherited)",
					"@executable_path/Frameworks",
				);
				MARKETING_VERSION = 1.0;
				PRODUCT_BUNDLE_IDENTIFIER = home.MotoApp;
				PRODUCT_NAME = "$(TARGET_NAME)";
				SUPPORTED_PLATFORMS = "iphoneos iphonesimulator";
				SUPPORTS_MACCATALYST = NO;
				SUPPORTS_MAC_DESIGNED_FOR_IPHONE_IPAD = NO;
				SWIFT_EMIT_LOC_STRINGS = YES;
				SWIFT_VERSION = 5.0;
				TARGETED_DEVICE_FAMILY = 1;
			};
			name = Release;
		};
/* End XCBuildConfiguration section */

/* Begin XCConfigurationList section */
		30C75F322AC452AB00B9D445 /* Build configuration list for PBXProject "MotoApp" */ = {
			isa = XCConfigurationList;
			buildConfigurations = (
				30C75F432AC452AD00B9D445 /* Debug */,
				30C75F442AC452AD00B9D445 /* Release */,
			);
			defaultConfigurationIsVisible = 0;
			defaultConfigurationName = Release;
		};
		30C75F452AC452AD00B9D445 /* Build configuration list for PBXNativeTarget "MotoApp" */ = {
			isa = XCConfigurationList;
			buildConfigurations = (
				30C75F462AC452AD00B9D445 /* Debug */,
				30C75F472AC452AD00B9D445 /* Release */,
			);
			defaultConfigurationIsVisible = 0;
			defaultConfigurationName = Release;
		};
/* End XCConfigurationList section */

/* Begin XCRemoteSwiftPackageReference section */
		303A61A82ADF172A00CCDBEE /* XCRemoteSwiftPackageReference "realm-swift" */ = {
			isa = XCRemoteSwiftPackageReference;
			repositoryURL = "https://github.com/realm/realm-swift.git";
			requirement = {
				branch = master;
				kind = branch;
			};
		};
/* End XCRemoteSwiftPackageReference section */

/* Begin XCSwiftPackageProductDependency section */
		303A61A92ADF172A00CCDBEE /* Realm */ = {
			isa = XCSwiftPackageProductDependency;
			package = 303A61A82ADF172A00CCDBEE /* XCRemoteSwiftPackageReference "realm-swift" */;
			productName = Realm;
		};
		303A61AB2ADF172A00CCDBEE /* RealmSwift */ = {
			isa = XCSwiftPackageProductDependency;
			package = 303A61A82ADF172A00CCDBEE /* XCRemoteSwiftPackageReference "realm-swift" */;
			productName = RealmSwift;
		};
/* End XCSwiftPackageProductDependency section */
	};
	rootObject = 30C75F2F2AC452AB00B9D445 /* Project object */;
}
