// !$*UTF8*$!
{
	archiveVersion = 1;
	classes = {
	};
	objectVersion = 56;
	objects = {

/* Begin PBXBuildFile section */
		300424882CFE2340007E5A4D /* LoadingViewModel.swift in Sources */ = {isa = PBXBuildFile; fileRef = 300424872CFE2338007E5A4D /* LoadingViewModel.swift */; };
		306D1F7C2CE7D26E000E74D4 /* AddWorckForTechnicView.swift in Sources */ = {isa = PBXBuildFile; fileRef = 306D1F7B2CE7D26E000E74D4 /* AddWorckForTechnicView.swift */; };
		306DD0332D07798300882FD3 /* WorksMainView.swift in Sources */ = {isa = PBXBuildFile; fileRef = 306DD0322D07798300882FD3 /* WorksMainView.swift */; };
		306DD0352D077C1600882FD3 /* CellInfoMainWorksView.swift in Sources */ = {isa = PBXBuildFile; fileRef = 306DD0342D077C1600882FD3 /* CellInfoMainWorksView.swift */; };
		306DD0382D07802C00882FD3 /* MiniWorkCellView.swift in Sources */ = {isa = PBXBuildFile; fileRef = 306DD0372D07802C00882FD3 /* MiniWorkCellView.swift */; };
		3075E0E22CF7081500433CAD /* Localizable.strings in Resources */ = {isa = PBXBuildFile; fileRef = 3075E0E02CF7081500433CAD /* Localizable.strings */; };
		3075E0E52CF724A600433CAD /* TechnicInfoView.swift in Sources */ = {isa = PBXBuildFile; fileRef = 3075E0E42CF724A600433CAD /* TechnicInfoView.swift */; };
		3081956C2CCE9E3600EE26C0 /* TechnicCellView.swift in Sources */ = {isa = PBXBuildFile; fileRef = 3081956B2CCE9E3600EE26C0 /* TechnicCellView.swift */; };
		3081956F2CCEA0F500EE26C0 /* AddTechnicCDView.swift in Sources */ = {isa = PBXBuildFile; fileRef = 3081956E2CCEA0F500EE26C0 /* AddTechnicCDView.swift */; };
		308195712CCEAE2000EE26C0 /* TechnicViewModel.swift in Sources */ = {isa = PBXBuildFile; fileRef = 308195702CCEAE1700EE26C0 /* TechnicViewModel.swift */; };
		308195782CCEB25700EE26C0 /* CoreDataManager.swift in Sources */ = {isa = PBXBuildFile; fileRef = 308195742CCEB25700EE26C0 /* CoreDataManager.swift */; };
		308195792CCEB25700EE26C0 /* Garage.xcdatamodeld in Sources */ = {isa = PBXBuildFile; fileRef = 308195752CCEB25700EE26C0 /* Garage.xcdatamodeld */; };
		3081957F2CCEBB0900EE26C0 /* WorkCellCDView.swift in Sources */ = {isa = PBXBuildFile; fileRef = 3081957E2CCEBB0900EE26C0 /* WorkCellCDView.swift */; };
		30BBB6422B77AC2600448494 /* ButtonView.swift in Sources */ = {isa = PBXBuildFile; fileRef = 30BBB6412B77AC2600448494 /* ButtonView.swift */; };
		30C75F3B2AC452AB00B9D445 /* GarageAppApp.swift in Sources */ = {isa = PBXBuildFile; fileRef = 30C75F3A2AC452AB00B9D445 /* GarageAppApp.swift */; };
		30C75F3F2AC452AD00B9D445 /* Assets.xcassets in Resources */ = {isa = PBXBuildFile; fileRef = 30C75F3E2AC452AD00B9D445 /* Assets.xcassets */; };
		30C75F422AC452AD00B9D445 /* Preview Assets.xcassets in Resources */ = {isa = PBXBuildFile; fileRef = 30C75F412AC452AD00B9D445 /* Preview Assets.xcassets */; };
		30D424DB2D00E08700CF2A5A /* sortFuncExtention.swift in Sources */ = {isa = PBXBuildFile; fileRef = 30D424D92D00E08700CF2A5A /* sortFuncExtention.swift */; };
		30D424DD2D00E80B00CF2A5A /* WorkMainViewmodel.swift in Sources */ = {isa = PBXBuildFile; fileRef = 30D424DC2D00E7F500CF2A5A /* WorkMainViewmodel.swift */; };
		30E75D272CF478EA00A61DFA /* WorkFullInfoView.swift in Sources */ = {isa = PBXBuildFile; fileRef = 30E75D262CF478EA00A61DFA /* WorkFullInfoView.swift */; };
		30E75D322CF61A0500A61DFA /* ResizebleTextFieldView.swift in Sources */ = {isa = PBXBuildFile; fileRef = 30E75D312CF61A0500A61DFA /* ResizebleTextFieldView.swift */; };
		30E75D342CF620B800A61DFA /* GradientButtonView.swift in Sources */ = {isa = PBXBuildFile; fileRef = 30E75D332CF620B800A61DFA /* GradientButtonView.swift */; };
		30EB0A752B862C9B006FF732 /* BackgroundCustom.swift in Sources */ = {isa = PBXBuildFile; fileRef = 30EB0A742B862C9B006FF732 /* BackgroundCustom.swift */; };
		30F877212B4C3BC6002EC497 /* CustomTextFieldUIView.swift in Sources */ = {isa = PBXBuildFile; fileRef = 30F8771E2B4C3BC6002EC497 /* CustomTextFieldUIView.swift */; };
		30F877222B4C3BC6002EC497 /* AddAertUIVuew.swift in Sources */ = {isa = PBXBuildFile; fileRef = 30F8771F2B4C3BC6002EC497 /* AddAertUIVuew.swift */; };
		30F877232B4C3BC6002EC497 /* BlurUIView.swift in Sources */ = {isa = PBXBuildFile; fileRef = 30F877202B4C3BC6002EC497 /* BlurUIView.swift */; };
		30F8C40C2CCD82880047A87C /* ListTehnics.swift in Sources */ = {isa = PBXBuildFile; fileRef = 30F8C40B2CCD82880047A87C /* ListTehnics.swift */; };
		30FA0C532D1D400B00D2D87A /* PhotoPicker.swift in Sources */ = {isa = PBXBuildFile; fileRef = 30FA0C522D1D400B00D2D87A /* PhotoPicker.swift */; };
		740D4BB92D74D7DF00CF6721 /* CustomTexrFieldStrokeview.swift in Sources */ = {isa = PBXBuildFile; fileRef = 740D4BB82D74D7DF00CF6721 /* CustomTexrFieldStrokeview.swift */; };
		7422E0902D7E27B30099EC11 /* CustomDatePicker.swift in Sources */ = {isa = PBXBuildFile; fileRef = 7422E08F2D7E27A60099EC11 /* CustomDatePicker.swift */; };
		742D4ABA2D6D0A7300B8FE27 /* NewLoadingView.swift in Sources */ = {isa = PBXBuildFile; fileRef = 742D4AB92D6D0A7300B8FE27 /* NewLoadingView.swift */; };
		742D4ABC2D6D0ED800B8FE27 /* CastonProgressBarView.swift in Sources */ = {isa = PBXBuildFile; fileRef = 742D4ABB2D6D0ED800B8FE27 /* CastonProgressBarView.swift */; };
		742E41E62D8ECF79001C0899 /* TextCellInfoMainView.swift in Sources */ = {isa = PBXBuildFile; fileRef = 742E41E52D8ECF79001C0899 /* TextCellInfoMainView.swift */; };
		742E41E82D8ED1A8001C0899 /* AllWorksView.swift in Sources */ = {isa = PBXBuildFile; fileRef = 742E41E72D8ED1A8001C0899 /* AllWorksView.swift */; };
		742E41EA2D8ED24F001C0899 /* TopbarBackGroundView.swift in Sources */ = {isa = PBXBuildFile; fileRef = 742E41E92D8ED24F001C0899 /* TopbarBackGroundView.swift */; };
		742E41EC2D8F4697001C0899 /* CustomSearchBarView.swift in Sources */ = {isa = PBXBuildFile; fileRef = 742E41EB2D8F4697001C0899 /* CustomSearchBarView.swift */; };
		742F81E72DB8348C00750285 /* extension_UIImage.swift in Sources */ = {isa = PBXBuildFile; fileRef = 742F81E62DB8347F00750285 /* extension_UIImage.swift */; };
		7456FADB2D6E02D700B901E8 /* PlusCircleButtonView.swift in Sources */ = {isa = PBXBuildFile; fileRef = 7456FADA2D6E02D700B901E8 /* PlusCircleButtonView.swift */; };
		74B7DDF32D96D453001FD4ED /* TechincTDO.swift in Sources */ = {isa = PBXBuildFile; fileRef = 74B7DDF12D96D453001FD4ED /* TechincTDO.swift */; };
		74B7DDF52D96D674001FD4ED /* WorkTDO.swift in Sources */ = {isa = PBXBuildFile; fileRef = 74B7DDF42D96D66C001FD4ED /* WorkTDO.swift */; };
		74B7DDF72D97063C001FD4ED /* AddTechnucViewModel.swift in Sources */ = {isa = PBXBuildFile; fileRef = 74B7DDF62D97062B001FD4ED /* AddTechnucViewModel.swift */; };
		74B7DDFC2D971242001FD4ED /* AddWorkViewModel.swift in Sources */ = {isa = PBXBuildFile; fileRef = 74B7DDFB2D97123B001FD4ED /* AddWorkViewModel.swift */; };
		74B7DDFF2D973189001FD4ED /* AllWorksViewModel.swift in Sources */ = {isa = PBXBuildFile; fileRef = 74B7DDFE2D97317F001FD4ED /* AllWorksViewModel.swift */; };
		74BBD3CB2D889AD2009E71FD /* ShareSheet.swift in Sources */ = {isa = PBXBuildFile; fileRef = 74BBD3CA2D889AC6009E71FD /* ShareSheet.swift */; };
/* End PBXBuildFile section */

/* Begin PBXFileReference section */
		300424872CFE2338007E5A4D /* LoadingViewModel.swift */ = {isa = PBXFileReference; lastKnownFileType = sourcecode.swift; path = LoadingViewModel.swift; sourceTree = "<group>"; };
		306D1F7B2CE7D26E000E74D4 /* AddWorckForTechnicView.swift */ = {isa = PBXFileReference; lastKnownFileType = sourcecode.swift; path = AddWorckForTechnicView.swift; sourceTree = "<group>"; };
		306DD0322D07798300882FD3 /* WorksMainView.swift */ = {isa = PBXFileReference; lastKnownFileType = sourcecode.swift; path = WorksMainView.swift; sourceTree = "<group>"; };
		306DD0342D077C1600882FD3 /* CellInfoMainWorksView.swift */ = {isa = PBXFileReference; lastKnownFileType = sourcecode.swift; path = CellInfoMainWorksView.swift; sourceTree = "<group>"; };
		306DD0372D07802C00882FD3 /* MiniWorkCellView.swift */ = {isa = PBXFileReference; lastKnownFileType = sourcecode.swift; path = MiniWorkCellView.swift; sourceTree = "<group>"; };
		3075E0E12CF7081500433CAD /* en */ = {isa = PBXFileReference; lastKnownFileType = text.plist.strings; name = en; path = en.lproj/Localizable.strings; sourceTree = "<group>"; };
		3075E0E32CF7082600433CAD /* ru */ = {isa = PBXFileReference; lastKnownFileType = text.plist.strings; name = ru; path = ru.lproj/Localizable.strings; sourceTree = "<group>"; };
		3075E0E42CF724A600433CAD /* TechnicInfoView.swift */ = {isa = PBXFileReference; lastKnownFileType = sourcecode.swift; path = TechnicInfoView.swift; sourceTree = "<group>"; };
		3081956B2CCE9E3600EE26C0 /* TechnicCellView.swift */ = {isa = PBXFileReference; lastKnownFileType = sourcecode.swift; path = TechnicCellView.swift; sourceTree = "<group>"; };
		3081956E2CCEA0F500EE26C0 /* AddTechnicCDView.swift */ = {isa = PBXFileReference; lastKnownFileType = sourcecode.swift; path = AddTechnicCDView.swift; sourceTree = "<group>"; };
		308195702CCEAE1700EE26C0 /* TechnicViewModel.swift */ = {isa = PBXFileReference; lastKnownFileType = sourcecode.swift; path = TechnicViewModel.swift; sourceTree = "<group>"; };
		308195742CCEB25700EE26C0 /* CoreDataManager.swift */ = {isa = PBXFileReference; lastKnownFileType = sourcecode.swift; path = CoreDataManager.swift; sourceTree = "<group>"; };
		308195772CCEB25700EE26C0 /* Garage.xcdatamodel */ = {isa = PBXFileReference; lastKnownFileType = wrapper.xcdatamodel; path = Garage.xcdatamodel; sourceTree = "<group>"; };
		3081957E2CCEBB0900EE26C0 /* WorkCellCDView.swift */ = {isa = PBXFileReference; lastKnownFileType = sourcecode.swift; path = WorkCellCDView.swift; sourceTree = "<group>"; };
		30BBB6412B77AC2600448494 /* ButtonView.swift */ = {isa = PBXFileReference; lastKnownFileType = sourcecode.swift; path = ButtonView.swift; sourceTree = "<group>"; };
		30C75F372AC452AB00B9D445 /* MotoApp.app */ = {isa = PBXFileReference; explicitFileType = wrapper.application; includeInIndex = 0; path = MotoApp.app; sourceTree = BUILT_PRODUCTS_DIR; };
		30C75F3A2AC452AB00B9D445 /* GarageAppApp.swift */ = {isa = PBXFileReference; lastKnownFileType = sourcecode.swift; path = GarageAppApp.swift; sourceTree = "<group>"; };
		30C75F3E2AC452AD00B9D445 /* Assets.xcassets */ = {isa = PBXFileReference; lastKnownFileType = folder.assetcatalog; path = Assets.xcassets; sourceTree = "<group>"; };
		30C75F412AC452AD00B9D445 /* Preview Assets.xcassets */ = {isa = PBXFileReference; lastKnownFileType = folder.assetcatalog; path = "Preview Assets.xcassets"; sourceTree = "<group>"; };
		30D424D92D00E08700CF2A5A /* sortFuncExtention.swift */ = {isa = PBXFileReference; lastKnownFileType = sourcecode.swift; path = sortFuncExtention.swift; sourceTree = "<group>"; };
		30D424DC2D00E7F500CF2A5A /* WorkMainViewmodel.swift */ = {isa = PBXFileReference; lastKnownFileType = sourcecode.swift; path = WorkMainViewmodel.swift; sourceTree = "<group>"; };
		30E75D262CF478EA00A61DFA /* WorkFullInfoView.swift */ = {isa = PBXFileReference; lastKnownFileType = sourcecode.swift; path = WorkFullInfoView.swift; sourceTree = "<group>"; };
		30E75D312CF61A0500A61DFA /* ResizebleTextFieldView.swift */ = {isa = PBXFileReference; lastKnownFileType = sourcecode.swift; path = ResizebleTextFieldView.swift; sourceTree = "<group>"; };
		30E75D332CF620B800A61DFA /* GradientButtonView.swift */ = {isa = PBXFileReference; lastKnownFileType = sourcecode.swift; path = GradientButtonView.swift; sourceTree = "<group>"; };
		30EB0A742B862C9B006FF732 /* BackgroundCustom.swift */ = {isa = PBXFileReference; lastKnownFileType = sourcecode.swift; path = BackgroundCustom.swift; sourceTree = "<group>"; };
		30F8771E2B4C3BC6002EC497 /* CustomTextFieldUIView.swift */ = {isa = PBXFileReference; fileEncoding = 4; lastKnownFileType = sourcecode.swift; path = CustomTextFieldUIView.swift; sourceTree = "<group>"; };
		30F8771F2B4C3BC6002EC497 /* AddAertUIVuew.swift */ = {isa = PBXFileReference; fileEncoding = 4; lastKnownFileType = sourcecode.swift; path = AddAertUIVuew.swift; sourceTree = "<group>"; };
		30F877202B4C3BC6002EC497 /* BlurUIView.swift */ = {isa = PBXFileReference; fileEncoding = 4; lastKnownFileType = sourcecode.swift; path = BlurUIView.swift; sourceTree = "<group>"; };
		30F8C40B2CCD82880047A87C /* ListTehnics.swift */ = {isa = PBXFileReference; lastKnownFileType = sourcecode.swift; path = ListTehnics.swift; sourceTree = "<group>"; };
		30FA0C512D1D3E1D00D2D87A /* Garage_2.xcdatamodel */ = {isa = PBXFileReference; lastKnownFileType = wrapper.xcdatamodel; path = Garage_2.xcdatamodel; sourceTree = "<group>"; };
		30FA0C522D1D400B00D2D87A /* PhotoPicker.swift */ = {isa = PBXFileReference; lastKnownFileType = sourcecode.swift; path = PhotoPicker.swift; sourceTree = "<group>"; };
		740D4BB82D74D7DF00CF6721 /* CustomTexrFieldStrokeview.swift */ = {isa = PBXFileReference; lastKnownFileType = sourcecode.swift; path = CustomTexrFieldStrokeview.swift; sourceTree = "<group>"; };
		7422E08F2D7E27A60099EC11 /* CustomDatePicker.swift */ = {isa = PBXFileReference; lastKnownFileType = sourcecode.swift; path = CustomDatePicker.swift; sourceTree = "<group>"; };
		742D4AB92D6D0A7300B8FE27 /* NewLoadingView.swift */ = {isa = PBXFileReference; lastKnownFileType = sourcecode.swift; path = NewLoadingView.swift; sourceTree = "<group>"; };
		742D4ABB2D6D0ED800B8FE27 /* CastonProgressBarView.swift */ = {isa = PBXFileReference; lastKnownFileType = sourcecode.swift; path = CastonProgressBarView.swift; sourceTree = "<group>"; };
		742E41E52D8ECF79001C0899 /* TextCellInfoMainView.swift */ = {isa = PBXFileReference; lastKnownFileType = sourcecode.swift; path = TextCellInfoMainView.swift; sourceTree = "<group>"; };
		742E41E72D8ED1A8001C0899 /* AllWorksView.swift */ = {isa = PBXFileReference; lastKnownFileType = sourcecode.swift; path = AllWorksView.swift; sourceTree = "<group>"; };
		742E41E92D8ED24F001C0899 /* TopbarBackGroundView.swift */ = {isa = PBXFileReference; lastKnownFileType = sourcecode.swift; path = TopbarBackGroundView.swift; sourceTree = "<group>"; };
		742E41EB2D8F4697001C0899 /* CustomSearchBarView.swift */ = {isa = PBXFileReference; lastKnownFileType = sourcecode.swift; path = CustomSearchBarView.swift; sourceTree = "<group>"; };
		742F81E62DB8347F00750285 /* extension_UIImage.swift */ = {isa = PBXFileReference; lastKnownFileType = sourcecode.swift; path = extension_UIImage.swift; sourceTree = "<group>"; };
		7456FADA2D6E02D700B901E8 /* PlusCircleButtonView.swift */ = {isa = PBXFileReference; lastKnownFileType = sourcecode.swift; path = PlusCircleButtonView.swift; sourceTree = "<group>"; };
		74B7DDF12D96D453001FD4ED /* TechincTDO.swift */ = {isa = PBXFileReference; lastKnownFileType = sourcecode.swift; path = TechincTDO.swift; sourceTree = "<group>"; };
		74B7DDF42D96D66C001FD4ED /* WorkTDO.swift */ = {isa = PBXFileReference; lastKnownFileType = sourcecode.swift; path = WorkTDO.swift; sourceTree = "<group>"; };
		74B7DDF62D97062B001FD4ED /* AddTechnucViewModel.swift */ = {isa = PBXFileReference; lastKnownFileType = sourcecode.swift; path = AddTechnucViewModel.swift; sourceTree = "<group>"; };
		74B7DDFB2D97123B001FD4ED /* AddWorkViewModel.swift */ = {isa = PBXFileReference; lastKnownFileType = sourcecode.swift; path = AddWorkViewModel.swift; sourceTree = "<group>"; };
		74B7DDFE2D97317F001FD4ED /* AllWorksViewModel.swift */ = {isa = PBXFileReference; lastKnownFileType = sourcecode.swift; path = AllWorksViewModel.swift; sourceTree = "<group>"; };
		74BBD3CA2D889AC6009E71FD /* ShareSheet.swift */ = {isa = PBXFileReference; lastKnownFileType = sourcecode.swift; path = ShareSheet.swift; sourceTree = "<group>"; };
/* End PBXFileReference section */

/* Begin PBXFrameworksBuildPhase section */
		30C75F342AC452AB00B9D445 /* Frameworks */ = {
			isa = PBXFrameworksBuildPhase;
			buildActionMask = 2147483647;
			files = (
			);
			runOnlyForDeploymentPostprocessing = 0;
		};
/* End PBXFrameworksBuildPhase section */

/* Begin PBXGroup section */
		300424842CFE1E90007E5A4D /* Loading */ = {
			isa = PBXGroup;
			children = (
				742D4AB92D6D0A7300B8FE27 /* NewLoadingView.swift */,
			);
			path = Loading;
			sourceTree = "<group>";
		};
		306D1F762CE7C151000E74D4 /* NewDataBase */ = {
			isa = PBXGroup;
			children = (
				742F81E52DB8346900750285 /* Extensions */,
				74B7DDF22D96D453001FD4ED /* TDO */,
				306DD0362D077FFD00882FD3 /* Cells */,
				30D424DA2D00E08700CF2A5A /* Enums */,
				30E75D2E2CF6180800A61DFA /* Helpers */,
				306D1F782CE7C16F000E74D4 /* ViewModels */,
				306D1F772CE7C166000E74D4 /* Views */,
			);
			path = NewDataBase;
			sourceTree = "<group>";
		};
		306D1F772CE7C166000E74D4 /* Views */ = {
			isa = PBXGroup;
			children = (
				300424842CFE1E90007E5A4D /* Loading */,
				3081957C2CCEB39D00EE26C0 /* Tehnic */,
				3081957D2CCEB40700EE26C0 /* Works */,
			);
			path = Views;
			sourceTree = "<group>";
		};
		306D1F782CE7C16F000E74D4 /* ViewModels */ = {
			isa = PBXGroup;
			children = (
				74B7DDF62D97062B001FD4ED /* AddTechnucViewModel.swift */,
				300424872CFE2338007E5A4D /* LoadingViewModel.swift */,
				308195702CCEAE1700EE26C0 /* TechnicViewModel.swift */,
			);
			path = ViewModels;
			sourceTree = "<group>";
		};
		306DD0362D077FFD00882FD3 /* Cells */ = {
			isa = PBXGroup;
			children = (
				306DD0342D077C1600882FD3 /* CellInfoMainWorksView.swift */,
				3081957E2CCEBB0900EE26C0 /* WorkCellCDView.swift */,
				306DD0372D07802C00882FD3 /* MiniWorkCellView.swift */,
			);
			path = Cells;
			sourceTree = "<group>";
		};
		308195762CCEB25700EE26C0 /* CoreData */ = {
			isa = PBXGroup;
			children = (
				308195742CCEB25700EE26C0 /* CoreDataManager.swift */,
				308195752CCEB25700EE26C0 /* Garage.xcdatamodeld */,
			);
			path = CoreData;
			sourceTree = "<group>";
		};
		3081957C2CCEB39D00EE26C0 /* Tehnic */ = {
			isa = PBXGroup;
			children = (
				3081956B2CCE9E3600EE26C0 /* TechnicCellView.swift */,
				3081956E2CCEA0F500EE26C0 /* AddTechnicCDView.swift */,
				30F8C40B2CCD82880047A87C /* ListTehnics.swift */,
			);
			path = Tehnic;
			sourceTree = "<group>";
		};
		3081957D2CCEB40700EE26C0 /* Works */ = {
			isa = PBXGroup;
			children = (
				74B7DDFD2D97316E001FD4ED /* AllWorks */,
				74B7DDFA2D97122C001FD4ED /* AddWork */,
				74B7DDF92D97120A001FD4ED /* MainWorks */,
			);
			path = Works;
			sourceTree = "<group>";
		};
		30C75F2E2AC452AB00B9D445 = {
			isa = PBXGroup;
			children = (
				30C75F392AC452AB00B9D445 /* MotoApp */,
				30C75F382AC452AB00B9D445 /* Products */,
			);
			sourceTree = "<group>";
		};
		30C75F382AC452AB00B9D445 /* Products */ = {
			isa = PBXGroup;
			children = (
				30C75F372AC452AB00B9D445 /* MotoApp.app */,
			);
			name = Products;
			sourceTree = "<group>";
		};
		30C75F392AC452AB00B9D445 /* MotoApp */ = {
			isa = PBXGroup;
			children = (
				306D1F762CE7C151000E74D4 /* NewDataBase */,
				308195762CCEB25700EE26C0 /* CoreData */,
				30C75F3A2AC452AB00B9D445 /* GarageAppApp.swift */,
				30C75F3E2AC452AD00B9D445 /* Assets.xcassets */,
				30F8771D2B4C3BC6002EC497 /* Extenstation */,
				30C75F402AC452AD00B9D445 /* Preview Content */,
				3075E0E02CF7081500433CAD /* Localizable.strings */,
			);
			path = MotoApp;
			sourceTree = "<group>";
		};
		30C75F402AC452AD00B9D445 /* Preview Content */ = {
			isa = PBXGroup;
			children = (
				30C75F412AC452AD00B9D445 /* Preview Assets.xcassets */,
			);
			path = "Preview Content";
			sourceTree = "<group>";
		};
		30D424DA2D00E08700CF2A5A /* Enums */ = {
			isa = PBXGroup;
			children = (
				30D424D92D00E08700CF2A5A /* sortFuncExtention.swift */,
			);
			path = Enums;
			sourceTree = "<group>";
		};
		30E75D2E2CF6180800A61DFA /* Helpers */ = {
			isa = PBXGroup;
			children = (
				74BBD3CA2D889AC6009E71FD /* ShareSheet.swift */,
				7422E08F2D7E27A60099EC11 /* CustomDatePicker.swift */,
				30E75D312CF61A0500A61DFA /* ResizebleTextFieldView.swift */,
				30E75D332CF620B800A61DFA /* GradientButtonView.swift */,
				3075E0E42CF724A600433CAD /* TechnicInfoView.swift */,
				30FA0C522D1D400B00D2D87A /* PhotoPicker.swift */,
				742D4ABB2D6D0ED800B8FE27 /* CastonProgressBarView.swift */,
				7456FADA2D6E02D700B901E8 /* PlusCircleButtonView.swift */,
				740D4BB82D74D7DF00CF6721 /* CustomTexrFieldStrokeview.swift */,
				742E41E52D8ECF79001C0899 /* TextCellInfoMainView.swift */,
				742E41E92D8ED24F001C0899 /* TopbarBackGroundView.swift */,
				742E41EB2D8F4697001C0899 /* CustomSearchBarView.swift */,
			);
			path = Helpers;
			sourceTree = "<group>";
		};
		30F8771D2B4C3BC6002EC497 /* Extenstation */ = {
			isa = PBXGroup;
			children = (
				30F8771E2B4C3BC6002EC497 /* CustomTextFieldUIView.swift */,
				30F8771F2B4C3BC6002EC497 /* AddAertUIVuew.swift */,
				30F877202B4C3BC6002EC497 /* BlurUIView.swift */,
				30BBB6412B77AC2600448494 /* ButtonView.swift */,
				30EB0A742B862C9B006FF732 /* BackgroundCustom.swift */,
			);
			name = Extenstation;
			path = MotoApp/Extenstation;
			sourceTree = SOURCE_ROOT;
		};
		742F81E52DB8346900750285 /* Extensions */ = {
			isa = PBXGroup;
			children = (
				742F81E62DB8347F00750285 /* extension_UIImage.swift */,
			);
			path = Extensions;
			sourceTree = "<group>";
		};
		74B7DDF22D96D453001FD4ED /* TDO */ = {
			isa = PBXGroup;
			children = (
				74B7DDF42D96D66C001FD4ED /* WorkTDO.swift */,
				74B7DDF12D96D453001FD4ED /* TechincTDO.swift */,
			);
			path = TDO;
			sourceTree = "<group>";
		};
		74B7DDF92D97120A001FD4ED /* MainWorks */ = {
			isa = PBXGroup;
			children = (
				306DD0322D07798300882FD3 /* WorksMainView.swift */,
				30D424DC2D00E7F500CF2A5A /* WorkMainViewmodel.swift */,
			);
			path = MainWorks;
			sourceTree = "<group>";
		};
		74B7DDFA2D97122C001FD4ED /* AddWork */ = {
			isa = PBXGroup;
			children = (
				74B7DDFB2D97123B001FD4ED /* AddWorkViewModel.swift */,
				306D1F7B2CE7D26E000E74D4 /* AddWorckForTechnicView.swift */,
			);
			path = AddWork;
			sourceTree = "<group>";
		};
		74B7DDFD2D97316E001FD4ED /* AllWorks */ = {
			isa = PBXGroup;
			children = (
				74B7DDFE2D97317F001FD4ED /* AllWorksViewModel.swift */,
				742E41E72D8ED1A8001C0899 /* AllWorksView.swift */,
				30E75D262CF478EA00A61DFA /* WorkFullInfoView.swift */,
			);
			path = AllWorks;
			sourceTree = "<group>";
		};
/* End PBXGroup section */

/* Begin PBXNativeTarget section */
		30C75F362AC452AB00B9D445 /* MotoApp */ = {
			isa = PBXNativeTarget;
			buildConfigurationList = 30C75F452AC452AD00B9D445 /* Build configuration list for PBXNativeTarget "MotoApp" */;
			buildPhases = (
				30C75F332AC452AB00B9D445 /* Sources */,
				30C75F342AC452AB00B9D445 /* Frameworks */,
				30C75F352AC452AB00B9D445 /* Resources */,
			);
			buildRules = (
			);
			dependencies = (
			);
			name = MotoApp;
			packageProductDependencies = (
			);
			productName = MotoApp;
			productReference = 30C75F372AC452AB00B9D445 /* MotoApp.app */;
			productType = "com.apple.product-type.application";
		};
/* End PBXNativeTarget section */

/* Begin PBXProject section */
		30C75F2F2AC452AB00B9D445 /* Project object */ = {
			isa = PBXProject;
			attributes = {
				BuildIndependentTargetsInParallel = 1;
				LastSwiftUpdateCheck = 1500;
				LastUpgradeCheck = 1500;
				TargetAttributes = {
					30C75F362AC452AB00B9D445 = {
						CreatedOnToolsVersion = 15.0;
					};
				};
			};
			buildConfigurationList = 30C75F322AC452AB00B9D445 /* Build configuration list for PBXProject "MotoApp" */;
			compatibilityVersion = "Xcode 14.0";
			developmentRegion = en;
			hasScannedForEncodings = 0;
			knownRegions = (
				en,
				ru,
				Base,
			);
			mainGroup = 30C75F2E2AC452AB00B9D445;
			packageReferences = (
			);
			productRefGroup = 30C75F382AC452AB00B9D445 /* Products */;
			projectDirPath = "";
			projectRoot = "";
			targets = (
				30C75F362AC452AB00B9D445 /* MotoApp */,
			);
		};
/* End PBXProject section */

/* Begin PBXResourcesBuildPhase section */
		30C75F352AC452AB00B9D445 /* Resources */ = {
			isa = PBXResourcesBuildPhase;
			buildActionMask = 2147483647;
			files = (
				30C75F422AC452AD00B9D445 /* Preview Assets.xcassets in Resources */,
				3075E0E22CF7081500433CAD /* Localizable.strings in Resources */,
				30C75F3F2AC452AD00B9D445 /* Assets.xcassets in Resources */,
			);
			runOnlyForDeploymentPostprocessing = 0;
		};
/* End PBXResourcesBuildPhase section */

/* Begin PBXSourcesBuildPhase section */
		30C75F332AC452AB00B9D445 /* Sources */ = {
			isa = PBXSourcesBuildPhase;
			buildActionMask = 2147483647;
			files = (
				30D424DD2D00E80B00CF2A5A /* WorkMainViewmodel.swift in Sources */,
				3081957F2CCEBB0900EE26C0 /* WorkCellCDView.swift in Sources */,
				30F877212B4C3BC6002EC497 /* CustomTextFieldUIView.swift in Sources */,
				30F877222B4C3BC6002EC497 /* AddAertUIVuew.swift in Sources */,
				74B7DDF32D96D453001FD4ED /* TechincTDO.swift in Sources */,
				742F81E72DB8348C00750285 /* extension_UIImage.swift in Sources */,
				74B7DDFF2D973189001FD4ED /* AllWorksViewModel.swift in Sources */,
				3075E0E52CF724A600433CAD /* TechnicInfoView.swift in Sources */,
				30FA0C532D1D400B00D2D87A /* PhotoPicker.swift in Sources */,
				30F877232B4C3BC6002EC497 /* BlurUIView.swift in Sources */,
				742D4ABC2D6D0ED800B8FE27 /* CastonProgressBarView.swift in Sources */,
				742E41EC2D8F4697001C0899 /* CustomSearchBarView.swift in Sources */,
				7422E0902D7E27B30099EC11 /* CustomDatePicker.swift in Sources */,
				308195782CCEB25700EE26C0 /* CoreDataManager.swift in Sources */,
				308195792CCEB25700EE26C0 /* Garage.xcdatamodeld in Sources */,
				7456FADB2D6E02D700B901E8 /* PlusCircleButtonView.swift in Sources */,
				306DD0332D07798300882FD3 /* WorksMainView.swift in Sources */,
				742E41E62D8ECF79001C0899 /* TextCellInfoMainView.swift in Sources */,
				308195712CCEAE2000EE26C0 /* TechnicViewModel.swift in Sources */,
				30EB0A752B862C9B006FF732 /* BackgroundCustom.swift in Sources */,
				74B7DDF52D96D674001FD4ED /* WorkTDO.swift in Sources */,
				742D4ABA2D6D0A7300B8FE27 /* NewLoadingView.swift in Sources */,
				742E41E82D8ED1A8001C0899 /* AllWorksView.swift in Sources */,
				74B7DDFC2D971242001FD4ED /* AddWorkViewModel.swift in Sources */,
				3081956F2CCEA0F500EE26C0 /* AddTechnicCDView.swift in Sources */,
				30D424DB2D00E08700CF2A5A /* sortFuncExtention.swift in Sources */,
				30E75D272CF478EA00A61DFA /* WorkFullInfoView.swift in Sources */,
				306DD0352D077C1600882FD3 /* CellInfoMainWorksView.swift in Sources */,
				306DD0382D07802C00882FD3 /* MiniWorkCellView.swift in Sources */,
				30F8C40C2CCD82880047A87C /* ListTehnics.swift in Sources */,
				74B7DDF72D97063C001FD4ED /* AddTechnucViewModel.swift in Sources */,
				742E41EA2D8ED24F001C0899 /* TopbarBackGroundView.swift in Sources */,
				74BBD3CB2D889AD2009E71FD /* ShareSheet.swift in Sources */,
				306D1F7C2CE7D26E000E74D4 /* AddWorckForTechnicView.swift in Sources */,
				30E75D342CF620B800A61DFA /* GradientButtonView.swift in Sources */,
				30C75F3B2AC452AB00B9D445 /* GarageAppApp.swift in Sources */,
				30BBB6422B77AC2600448494 /* ButtonView.swift in Sources */,
				740D4BB92D74D7DF00CF6721 /* CustomTexrFieldStrokeview.swift in Sources */,
				30E75D322CF61A0500A61DFA /* ResizebleTextFieldView.swift in Sources */,
				3081956C2CCE9E3600EE26C0 /* TechnicCellView.swift in Sources */,
				300424882CFE2340007E5A4D /* LoadingViewModel.swift in Sources */,
			);
			runOnlyForDeploymentPostprocessing = 0;
		};
/* End PBXSourcesBuildPhase section */

/* Begin PBXVariantGroup section */
		3075E0E02CF7081500433CAD /* Localizable.strings */ = {
			isa = PBXVariantGroup;
			children = (
				3075E0E12CF7081500433CAD /* en */,
				3075E0E32CF7082600433CAD /* ru */,
			);
			name = Localizable.strings;
			sourceTree = "<group>";
		};
/* End PBXVariantGroup section */

/* Begin XCBuildConfiguration section */
		30C75F432AC452AD00B9D445 /* Debug */ = {
			isa = XCBuildConfiguration;
			buildSettings = {
				ALWAYS_SEARCH_USER_PATHS = NO;
				ASSETCATALOG_COMPILER_GENERATE_SWIFT_ASSET_SYMBOL_EXTENSIONS = YES;
				CLANG_ANALYZER_LOCALIZABILITY_NONLOCALIZED = YES;
				CLANG_ANALYZER_NONNULL = YES;
				CLANG_ANALYZER_NUMBER_OBJECT_CONVERSION = YES_AGGRESSIVE;
				CLANG_CXX_LANGUAGE_STANDARD = "gnu++20";
				CLANG_ENABLE_MODULES = YES;
				CLANG_ENABLE_OBJC_ARC = YES;
				CLANG_ENABLE_OBJC_WEAK = YES;
				CLANG_WARN_BLOCK_CAPTURE_AUTORELEASING = YES;
				CLANG_WARN_BOOL_CONVERSION = YES;
				CLANG_WARN_COMMA = YES;
				CLANG_WARN_CONSTANT_CONVERSION = YES;
				CLANG_WARN_DEPRECATED_OBJC_IMPLEMENTATIONS = YES;
				CLANG_WARN_DIRECT_OBJC_ISA_USAGE = YES_ERROR;
				CLANG_WARN_DOCUMENTATION_COMMENTS = YES;
				CLANG_WARN_EMPTY_BODY = YES;
				CLANG_WARN_ENUM_CONVERSION = YES;
				CLANG_WARN_INFINITE_RECURSION = YES;
				CLANG_WARN_INT_CONVERSION = YES;
				CLANG_WARN_NON_LITERAL_NULL_CONVERSION = YES;
				CLANG_WARN_OBJC_IMPLICIT_RETAIN_SELF = YES;
				CLANG_WARN_OBJC_LITERAL_CONVERSION = YES;
				CLANG_WARN_OBJC_ROOT_CLASS = YES_ERROR;
				CLANG_WARN_QUOTED_INCLUDE_IN_FRAMEWORK_HEADER = YES;
				CLANG_WARN_RANGE_LOOP_ANALYSIS = YES;
				CLANG_WARN_STRICT_PROTOTYPES = YES;
				CLANG_WARN_SUSPICIOUS_MOVE = YES;
				CLANG_WARN_UNGUARDED_AVAILABILITY = YES_AGGRESSIVE;
				CLANG_WARN_UNREACHABLE_CODE = YES;
				CLANG_WARN__DUPLICATE_METHOD_MATCH = YES;
				COPY_PHASE_STRIP = NO;
				DEBUG_INFORMATION_FORMAT = dwarf;
				ENABLE_STRICT_OBJC_MSGSEND = YES;
				ENABLE_TESTABILITY = YES;
				ENABLE_USER_SCRIPT_SANDBOXING = YES;
				GCC_C_LANGUAGE_STANDARD = gnu17;
				GCC_DYNAMIC_NO_PIC = NO;
				GCC_NO_COMMON_BLOCKS = YES;
				GCC_OPTIMIZATION_LEVEL = 0;
				GCC_PREPROCESSOR_DEFINITIONS = (
					"DEBUG=1",
					"$(inherited)",
				);
				GCC_WARN_64_TO_32_BIT_CONVERSION = YES;
				GCC_WARN_ABOUT_RETURN_TYPE = YES_ERROR;
				GCC_WARN_UNDECLARED_SELECTOR = YES;
				GCC_WARN_UNINITIALIZED_AUTOS = YES_AGGRESSIVE;
				GCC_WARN_UNUSED_FUNCTION = YES;
				GCC_WARN_UNUSED_VARIABLE = YES;
				IPHONEOS_DEPLOYMENT_TARGET = 17.0;
				LOCALIZATION_PREFERS_STRING_CATALOGS = YES;
				MTL_ENABLE_DEBUG_INFO = INCLUDE_SOURCE;
				MTL_FAST_MATH = YES;
				ONLY_ACTIVE_ARCH = YES;
				SDKROOT = iphoneos;
				SWIFT_ACTIVE_COMPILATION_CONDITIONS = "DEBUG $(inherited)";
				SWIFT_OPTIMIZATION_LEVEL = "-Onone";
			};
			name = Debug;
		};
		30C75F442AC452AD00B9D445 /* Release */ = {
			isa = XCBuildConfiguration;
			buildSettings = {
				ALWAYS_SEARCH_USER_PATHS = NO;
				ASSETCATALOG_COMPILER_GENERATE_SWIFT_ASSET_SYMBOL_EXTENSIONS = YES;
				CLANG_ANALYZER_LOCALIZABILITY_NONLOCALIZED = YES;
				CLANG_ANALYZER_NONNULL = YES;
				CLANG_ANALYZER_NUMBER_OBJECT_CONVERSION = YES_AGGRESSIVE;
				CLANG_CXX_LANGUAGE_STANDARD = "gnu++20";
				CLANG_ENABLE_MODULES = YES;
				CLANG_ENABLE_OBJC_ARC = YES;
				CLANG_ENABLE_OBJC_WEAK = YES;
				CLANG_WARN_BLOCK_CAPTURE_AUTORELEASING = YES;
				CLANG_WARN_BOOL_CONVERSION = YES;
				CLANG_WARN_COMMA = YES;
				CLANG_WARN_CONSTANT_CONVERSION = YES;
				CLANG_WARN_DEPRECATED_OBJC_IMPLEMENTATIONS = YES;
				CLANG_WARN_DIRECT_OBJC_ISA_USAGE = YES_ERROR;
				CLANG_WARN_DOCUMENTATION_COMMENTS = YES;
				CLANG_WARN_EMPTY_BODY = YES;
				CLANG_WARN_ENUM_CONVERSION = YES;
				CLANG_WARN_INFINITE_RECURSION = YES;
				CLANG_WARN_INT_CONVERSION = YES;
				CLANG_WARN_NON_LITERAL_NULL_CONVERSION = YES;
				CLANG_WARN_OBJC_IMPLICIT_RETAIN_SELF = YES;
				CLANG_WARN_OBJC_LITERAL_CONVERSION = YES;
				CLANG_WARN_OBJC_ROOT_CLASS = YES_ERROR;
				CLANG_WARN_QUOTED_INCLUDE_IN_FRAMEWORK_HEADER = YES;
				CLANG_WARN_RANGE_LOOP_ANALYSIS = YES;
				CLANG_WARN_STRICT_PROTOTYPES = YES;
				CLANG_WARN_SUSPICIOUS_MOVE = YES;
				CLANG_WARN_UNGUARDED_AVAILABILITY = YES_AGGRESSIVE;
				CLANG_WARN_UNREACHABLE_CODE = YES;
				CLANG_WARN__DUPLICATE_METHOD_MATCH = YES;
				COPY_PHASE_STRIP = NO;
				DEBUG_INFORMATION_FORMAT = "dwarf-with-dsym";
				ENABLE_NS_ASSERTIONS = NO;
				ENABLE_STRICT_OBJC_MSGSEND = YES;
				ENABLE_USER_SCRIPT_SANDBOXING = YES;
				GCC_C_LANGUAGE_STANDARD = gnu17;
				GCC_NO_COMMON_BLOCKS = YES;
				GCC_WARN_64_TO_32_BIT_CONVERSION = YES;
				GCC_WARN_ABOUT_RETURN_TYPE = YES_ERROR;
				GCC_WARN_UNDECLARED_SELECTOR = YES;
				GCC_WARN_UNINITIALIZED_AUTOS = YES_AGGRESSIVE;
				GCC_WARN_UNUSED_FUNCTION = YES;
				GCC_WARN_UNUSED_VARIABLE = YES;
				IPHONEOS_DEPLOYMENT_TARGET = 17.0;
				LOCALIZATION_PREFERS_STRING_CATALOGS = YES;
				MTL_ENABLE_DEBUG_INFO = NO;
				MTL_FAST_MATH = YES;
				SDKROOT = iphoneos;
				SWIFT_COMPILATION_MODE = wholemodule;
				VALIDATE_PRODUCT = YES;
			};
			name = Release;
		};
		30C75F462AC452AD00B9D445 /* Debug */ = {
			isa = XCBuildConfiguration;
			buildSettings = {
				ASSETCATALOG_COMPILER_APPICON_NAME = AppIcon;
				ASSETCATALOG_COMPILER_GLOBAL_ACCENT_COLOR_NAME = AccentColor;
				CODE_SIGN_STYLE = Automatic;
				CURRENT_PROJECT_VERSION = 1;
				DEVELOPMENT_ASSET_PATHS = "\"MotoApp/Preview Content\"";
				DEVELOPMENT_TEAM = AR6AN34RS9;
				ENABLE_PREVIEWS = YES;
				GENERATE_INFOPLIST_FILE = YES;
				INFOPLIST_KEY_CFBundleDisplayName = "Мой гараж";
				INFOPLIST_KEY_UIApplicationSceneManifest_Generation = YES;
				INFOPLIST_KEY_UIApplicationSupportsIndirectInputEvents = YES;
				INFOPLIST_KEY_UILaunchScreen_Generation = YES;
				INFOPLIST_KEY_UISupportedInterfaceOrientations = UIInterfaceOrientationPortrait;
				INFOPLIST_KEY_UISupportedInterfaceOrientations_iPad = "UIInterfaceOrientationLandscapeLeft UIInterfaceOrientationLandscapeRight UIInterfaceOrientationPortrait UIInterfaceOrientationPortraitUpsideDown";
				IPHONEOS_DEPLOYMENT_TARGET = 16.1;
				LD_RUNPATH_SEARCH_PATHS = (
					"$(inherited)",
					"@executable_path/Frameworks",
				);
				MARKETING_VERSION = 2.3.3;
				PRODUCT_BUNDLE_IDENTIFIER = home.MotoApp;
				PRODUCT_NAME = "$(TARGET_NAME)";
				SUPPORTED_PLATFORMS = "iphoneos iphonesimulator";
				SUPPORTS_MACCATALYST = NO;
				SUPPORTS_MAC_DESIGNED_FOR_IPHONE_IPAD = NO;
				SUPPORTS_XR_DESIGNED_FOR_IPHONE_IPAD = NO;
				SWIFT_EMIT_LOC_STRINGS = YES;
				SWIFT_VERSION = 5.0;
				TARGETED_DEVICE_FAMILY = "1,2";
			};
			name = Debug;
		};
		30C75F472AC452AD00B9D445 /* Release */ = {
			isa = XCBuildConfiguration;
			buildSettings = {
				ASSETCATALOG_COMPILER_APPICON_NAME = AppIcon;
				ASSETCATALOG_COMPILER_GLOBAL_ACCENT_COLOR_NAME = AccentColor;
				CODE_SIGN_STYLE = Automatic;
				CURRENT_PROJECT_VERSION = 1;
				DEVELOPMENT_ASSET_PATHS = "\"MotoApp/Preview Content\"";
				DEVELOPMENT_TEAM = AR6AN34RS9;
				ENABLE_PREVIEWS = YES;
				GENERATE_INFOPLIST_FILE = YES;
				INFOPLIST_KEY_CFBundleDisplayName = "Мой гараж";
				INFOPLIST_KEY_UIApplicationSceneManifest_Generation = YES;
				INFOPLIST_KEY_UIApplicationSupportsIndirectInputEvents = YES;
				INFOPLIST_KEY_UILaunchScreen_Generation = YES;
				INFOPLIST_KEY_UISupportedInterfaceOrientations = UIInterfaceOrientationPortrait;
				INFOPLIST_KEY_UISupportedInterfaceOrientations_iPad = "UIInterfaceOrientationLandscapeLeft UIInterfaceOrientationLandscapeRight UIInterfaceOrientationPortrait UIInterfaceOrientationPortraitUpsideDown";
				IPHONEOS_DEPLOYMENT_TARGET = 16.1;
				LD_RUNPATH_SEARCH_PATHS = (
					"$(inherited)",
					"@executable_path/Frameworks",
				);
				MARKETING_VERSION = 2.3.3;
				PRODUCT_BUNDLE_IDENTIFIER = home.MotoApp;
				PRODUCT_NAME = "$(TARGET_NAME)";
				SUPPORTED_PLATFORMS = "iphoneos iphonesimulator";
				SUPPORTS_MACCATALYST = NO;
				SUPPORTS_MAC_DESIGNED_FOR_IPHONE_IPAD = NO;
				SUPPORTS_XR_DESIGNED_FOR_IPHONE_IPAD = NO;
				SWIFT_EMIT_LOC_STRINGS = YES;
				SWIFT_VERSION = 5.0;
				TARGETED_DEVICE_FAMILY = "1,2";
			};
			name = Release;
		};
/* End XCBuildConfiguration section */

/* Begin XCConfigurationList section */
		30C75F322AC452AB00B9D445 /* Build configuration list for PBXProject "MotoApp" */ = {
			isa = XCConfigurationList;
			buildConfigurations = (
				30C75F432AC452AD00B9D445 /* Debug */,
				30C75F442AC452AD00B9D445 /* Release */,
			);
			defaultConfigurationIsVisible = 0;
			defaultConfigurationName = Release;
		};
		30C75F452AC452AD00B9D445 /* Build configuration list for PBXNativeTarget "MotoApp" */ = {
			isa = XCConfigurationList;
			buildConfigurations = (
				30C75F462AC452AD00B9D445 /* Debug */,
				30C75F472AC452AD00B9D445 /* Release */,
			);
			defaultConfigurationIsVisible = 0;
			defaultConfigurationName = Release;
		};
/* End XCConfigurationList section */

/* Begin XCVersionGroup section */
		308195752CCEB25700EE26C0 /* Garage.xcdatamodeld */ = {
			isa = XCVersionGroup;
			children = (
				30FA0C512D1D3E1D00D2D87A /* Garage_2.xcdatamodel */,
				308195772CCEB25700EE26C0 /* Garage.xcdatamodel */,
			);
			currentVersion = 30FA0C512D1D3E1D00D2D87A /* Garage_2.xcdatamodel */;
			path = Garage.xcdatamodeld;
			sourceTree = "<group>";
			versionGroupType = wrapper.xcdatamodel;
		};
/* End XCVersionGroup section */
	};
	rootObject = 30C75F2F2AC452AB00B9D445 /* Project object */;
}
